# This file is automatically generated by Poetry to pin dependencies.
[[package]]
name = "netsphere"
version = "1.0.0"
description = "Enterprise Network Operations, Protocol Engineering & Telemetry Platform"
optional = false
python-versions = ">=3.10"
files = []

[metadata]
lock-version = "2.0"
python-versions = ">=3.10"
content-hash = "a1b2c3d4e5f60718293a4b5c6d7e8f90123456789abcdef0123456789abcdef"
